
Microsoft Visual Studio Solution File, Format Version 12.00
Project("{FAE04EC0-301F-11D3-BF4B-00C04F79EFBC}") = "Task1", "Task1\Task1.csproj", "{DE2CC7E3-6BC7-4A80-83F5-E1C62A53822E}"
EndProject
Project("{FAE04EC0-301F-11D3-BF4B-00C04F79EFBC}") = "Task2", "Task2\Task2.csproj", "{E41136EA-1958-4209-8911-F4D7CFAC81F5}"
EndProject
Project("{FAE04EC0-301F-11D3-BF4B-00C04F79EFBC}") = "Task3", "Task3\Task3.csproj", "{743F33E6-A9F2-4085-9BE6-8738519E88E1}"
EndProject
Global
	GlobalSection(SolutionConfigurationPlatforms) = preSolution
		Debug|Any CPU = Debug|Any CPU
		Release|Any CPU = Release|Any CPU
	EndGlobalSection
	GlobalSection(ProjectConfigurationPlatforms) = postSolution
		{DE2CC7E3-6BC7-4A80-83F5-E1C62A53822E}.Debug|Any CPU.ActiveCfg = Debug|Any CPU
		{DE2CC7E3-6BC7-4A80-83F5-E1C62A53822E}.Debug|Any CPU.Build.0 = Debug|Any CPU
		{DE2CC7E3-6BC7-4A80-83F5-E1C62A53822E}.Release|Any CPU.ActiveCfg = Release|Any CPU
		{DE2CC7E3-6BC7-4A80-83F5-E1C62A53822E}.Release|Any CPU.Build.0 = Release|Any CPU
		{E41136EA-1958-4209-8911-F4D7CFAC81F5}.Debug|Any CPU.ActiveCfg = Debug|Any CPU
		{E41136EA-1958-4209-8911-F4D7CFAC81F5}.Debug|Any CPU.Build.0 = Debug|Any CPU
		{E41136EA-1958-4209-8911-F4D7CFAC81F5}.Release|Any CPU.ActiveCfg = Release|Any CPU
		{E41136EA-1958-4209-8911-F4D7CFAC81F5}.Release|Any CPU.Build.0 = Release|Any CPU
		{743F33E6-A9F2-4085-9BE6-8738519E88E1}.Debug|Any CPU.ActiveCfg = Debug|Any CPU
		{743F33E6-A9F2-4085-9BE6-8738519E88E1}.Debug|Any CPU.Build.0 = Debug|Any CPU
		{743F33E6-A9F2-4085-9BE6-8738519E88E1}.Release|Any CPU.ActiveCfg = Release|Any CPU
		{743F33E6-A9F2-4085-9BE6-8738519E88E1}.Release|Any CPU.Build.0 = Release|Any CPU
	EndGlobalSection
EndGlobal
